
Microsoft Visual Studio Solution File, Format Version 12.00
# Visual Studio Version 17
VisualStudioVersion = 17.6.33723.286
MinimumVisualStudioVersion = 10.0.40219.1
Project("{FAE04EC0-301F-11D3-BF4B-00C04F79EFBC}") = "Gladiators5.1", "Gladiators5.1\Gladiators5.1.csproj", "{FA34D3C2-7CA7-4DCD-994B-3169F5FE60F9}"
EndProject
Global
	GlobalSection(SolutionConfigurationPlatforms) = preSolution
		Debug|Any CPU = Debug|Any CPU
		Release|Any CPU = Release|Any CPU
	EndGlobalSection
	GlobalSection(ProjectConfigurationPlatforms) = postSolution
		{FA34D3C2-7CA7-4DCD-994B-3169F5FE60F9}.Debug|Any CPU.ActiveCfg = Debug|Any CPU
		{FA34D3C2-7CA7-4DCD-994B-3169F5FE60F9}.Debug|Any CPU.Build.0 = Debug|Any CPU
		{FA34D3C2-7CA7-4DCD-994B-3169F5FE60F9}.Release|Any CPU.ActiveCfg = Release|Any CPU
		{FA34D3C2-7CA7-4DCD-994B-3169F5FE60F9}.Release|Any CPU.Build.0 = Release|Any CPU
	EndGlobalSection
	GlobalSection(SolutionProperties) = preSolution
		HideSolutionNode = FALSE
	EndGlobalSection
	GlobalSection(ExtensibilityGlobals) = postSolution
		SolutionGuid = {55F1FE4C-A4F2-4B3D-949E-D142AFE3B2DC}
	EndGlobalSection
EndGlobal
